<?xml version="1.0" encoding="utf-8"?>
<Project ToolsVersion="4.0" xmlns="http://schemas.microsoft.com/developer/msbuild/2003">
  <ItemGroup>
    <Filter Include="Source Files">
      <UniqueIdentifier>{4FC737F1-C7A5-4376-A066-2A32D752A2FF}</UniqueIdentifier>
      <Extensions>cpp;c;cc;cxx;def;odl;idl;hpj;bat;asm;asmx</Extensions>
    </Filter>
    <Filter Include="Header Files">
      <UniqueIdentifier>{93995380-89BD-4b04-88EB-625FBE52EBFB}</UniqueIdentifier>
      <Extensions>h;hh;hpp;hxx;hm;inl;inc;xsd</Extensions>
    </Filter>
    <Filter Include="Resource Files">
      <UniqueIdentifier>{67DA6AB6-F800-4c08-8B7A-83BB121AAD01}</UniqueIdentifier>
      <Extensions>rc;ico;cur;bmp;dlg;rc2;rct;bin;rgs;gif;jpg;jpeg;jpe;resx;tiff;tif;png;wav;mfcribbon-ms</Extensions>
    </Filter>
  </ItemGroup>
  <ItemGroup>
    <ClInclude Include="Windows\Controls\DeltaSlider.h">
      <Filter>Header Files</Filter>
    </ClInclude>
    <ClInclude Include="Windows\Controls\HeaderControl.h">
      <Filter>Header Files</Filter>
    </ClInclude>
    <ClInclude Include="Windows\Controls\SplitterWnd.h">
      <Filter>Header Files</Filter>
    </ClInclude>
    <ClInclude Include="Windows\Controls\ViewUtil.h">
      <Filter>Header Files</Filter>
    </ClInclude>
    <ClInclude Include="Windows\CPlotApp.h">
      <Filter>Header Files</Filter>
    </ClInclude>
    <ClInclude Include="Windows\Document.h">
      <Filter>Header Files</Filter>
    </ClInclude>
    <ClInclude Include="Windows\MainView.h">
      <Filter>Header Files</Filter>
    </ClInclude>
    <ClInclude Include="Windows\MainWindow.h">
      <Filter>Header Files</Filter>
    </ClInclude>
    <ClInclude Include="Windows\PlotView.h">
      <Filter>Header Files</Filter>
    </ClInclude>
    <ClInclude Include="Windows\SideView.h">
      <Filter>Header Files</Filter>
    </ClInclude>
    <ClInclude Include="Windows\stdafx.h">
      <Filter>Header Files</Filter>
    </ClInclude>
    <ClInclude Include="Windows\targetver.h">
      <Filter>Header Files</Filter>
    </ClInclude>
    <ClInclude Include="Windows\res\Resource.h">
      <Filter>Header Files</Filter>
    </ClInclude>
    <ClInclude Include="pch.h">
      <Filter>Header Files</Filter>
    </ClInclude>
    <ClInclude Include="version.h">
      <Filter>Header Files</Filter>
    </ClInclude>
    <ClInclude Include="Utility\MemoryPool.h">
      <Filter>Header Files</Filter>
    </ClInclude>
    <ClInclude Include="Utility\Mutex.h">
      <Filter>Header Files</Filter>
    </ClInclude>
    <ClInclude Include="Utility\StringFormatting.h">
      <Filter>Header Files</Filter>
    </ClInclude>
    <ClInclude Include="Utility\System.h">
      <Filter>Header Files</Filter>
    </ClInclude>
    <ClInclude Include="Engine\cnum.h">
      <Filter>Header Files</Filter>
    </ClInclude>
    <ClInclude Include="Engine\Functions\boost_wrappers.h">
      <Filter>Header Files</Filter>
    </ClInclude>
    <ClInclude Include="Engine\Functions\Faddeeva.h">
      <Filter>Header Files</Filter>
    </ClInclude>
    <ClInclude Include="Engine\Functions\Functions.h">
      <Filter>Header Files</Filter>
    </ClInclude>
    <ClInclude Include="Engine\Namespace\AliasVariable.h">
      <Filter>Header Files</Filter>
    </ClInclude>
    <ClInclude Include="Engine\Namespace\all.h">
      <Filter>Header Files</Filter>
    </ClInclude>
    <ClInclude Include="Engine\Namespace\BaseFunction.h">
      <Filter>Header Files</Filter>
    </ClInclude>
    <ClInclude Include="Engine\Namespace\Constant.h">
      <Filter>Header Files</Filter>
    </ClInclude>
    <ClInclude Include="Engine\Namespace\Element.h">
      <Filter>Header Files</Filter>
    </ClInclude>
    <ClInclude Include="Engine\Namespace\Expression.h">
      <Filter>Header Files</Filter>
    </ClInclude>
    <ClInclude Include="Engine\Namespace\Function.h">
      <Filter>Header Files</Filter>
    </ClInclude>
    <ClInclude Include="Engine\Namespace\Namespace.h">
      <Filter>Header Files</Filter>
    </ClInclude>
    <ClInclude Include="Engine\Namespace\ObjectDB.h">
      <Filter>Header Files</Filter>
    </ClInclude>
    <ClInclude Include="Engine\Namespace\Operator.h">
      <Filter>Header Files</Filter>
    </ClInclude>
    <ClInclude Include="Engine\Namespace\Parameter.h">
      <Filter>Header Files</Filter>
    </ClInclude>
    <ClInclude Include="Engine\Namespace\RootNamespace.h">
      <Filter>Header Files</Filter>
    </ClInclude>
    <ClInclude Include="Engine\Namespace\UserFunction.h">
      <Filter>Header Files</Filter>
    </ClInclude>
    <ClInclude Include="Engine\Namespace\Variable.h">
      <Filter>Header Files</Filter>
    </ClInclude>
    <ClInclude Include="Persistence\ByteReader.h">
      <Filter>Header Files</Filter>
    </ClInclude>
    <ClInclude Include="Persistence\ErrorHandling.h">
      <Filter>Header Files</Filter>
    </ClInclude>
    <ClInclude Include="Persistence\FileVersions.h">
      <Filter>Header Files</Filter>
    </ClInclude>
    <ClInclude Include="Persistence\serializer.h">
      <Filter>Header Files</Filter>
    </ClInclude>
    <ClInclude Include="Graphs\Graph.h">
      <Filter>Header Files</Filter>
    </ClInclude>
    <ClInclude Include="Graphs\Plot.h">
      <Filter>Header Files</Filter>
    </ClInclude>
    <ClInclude Include="Graphs\Geometry\Axis.h">
      <Filter>Header Files</Filter>
    </ClInclude>
    <ClInclude Include="Graphs\Geometry\AxisIndex.h">
      <Filter>Header Files</Filter>
    </ClInclude>
    <ClInclude Include="Graphs\Geometry\Camera.h">
      <Filter>Header Files</Filter>
    </ClInclude>
    <ClInclude Include="Graphs\Geometry\Matrix.h">
      <Filter>Header Files</Filter>
    </ClInclude>
    <ClInclude Include="Graphs\Geometry\Quaternion.h">
      <Filter>Header Files</Filter>
    </ClInclude>
    <ClInclude Include="Graphs\Geometry\RecursiveGrid.h">
      <Filter>Header Files</Filter>
    </ClInclude>
    <ClInclude Include="Graphs\Geometry\Rotation.h">
      <Filter>Header Files</Filter>
    </ClInclude>
    <ClInclude Include="Graphs\Geometry\Triangle.h">
      <Filter>Header Files</Filter>
    </ClInclude>
    <ClInclude Include="Graphs\Geometry\Vector.h">
      <Filter>Header Files</Filter>
    </ClInclude>
    <ClInclude Include="Engine\Parser\utf8\utf8.h">
      <Filter>Header Files</Filter>
    </ClInclude>
    <ClInclude Include="Engine\Parser\utf8\utf8\checked.h">
      <Filter>Header Files</Filter>
    </ClInclude>
    <ClInclude Include="Engine\Parser\utf8\utf8\core.h">
      <Filter>Header Files</Filter>
    </ClInclude>
    <ClInclude Include="Engine\Parser\utf8\utf8\unchecked.h">
      <Filter>Header Files</Filter>
    </ClInclude>
    <ClInclude Include="Engine\Parser\BoundContext.h">
      <Filter>Header Files</Filter>
    </ClInclude>
    <ClInclude Include="Engine\Parser\EvalContext.h">
      <Filter>Header Files</Filter>
    </ClInclude>
    <ClInclude Include="Engine\Parser\Evaluator.h">
      <Filter>Header Files</Filter>
    </ClInclude>
    <ClInclude Include="Engine\Parser\ExecToken.h">
      <Filter>Header Files</Filter>
    </ClInclude>
    <ClInclude Include="Engine\Parser\FPTR.h">
      <Filter>Header Files</Filter>
    </ClInclude>
    <ClInclude Include="Engine\Parser\OptimizingTree.h">
      <Filter>Header Files</Filter>
    </ClInclude>
    <ClInclude Include="Engine\Parser\ParsingResult.h">
      <Filter>Header Files</Filter>
    </ClInclude>
    <ClInclude Include="Engine\Parser\ParsingTree.h">
      <Filter>Header Files</Filter>
    </ClInclude>
    <ClInclude Include="Engine\Parser\PreToken.h">
      <Filter>Header Files</Filter>
    </ClInclude>
    <ClInclude Include="Engine\Parser\readconst.h">
      <Filter>Header Files</Filter>
    </ClInclude>
    <ClInclude Include="Engine\Parser\readnum.h">
      <Filter>Header Files</Filter>
    </ClInclude>
    <ClInclude Include="Engine\Parser\RetainTree.h">
      <Filter>Header Files</Filter>
    </ClInclude>
    <ClInclude Include="Engine\Parser\Token.h">
      <Filter>Header Files</Filter>
    </ClInclude>
    <ClInclude Include="Engine\Parser\Waypoint.h">
      <Filter>Header Files</Filter>
    </ClInclude>
    <ClInclude Include="Engine\Parser\WorkingTree.h">
      <Filter>Header Files</Filter>
    </ClInclude>
    <ClInclude Include="Engine\Parser\Simplifier\Pattern.h">
      <Filter>Header Files</Filter>
    </ClInclude>
    <ClInclude Include="Graphs\Graphics\AxisLabels.h">
      <Filter>Header Files</Filter>
    </ClInclude>
    <ClInclude Include="Graphs\Graphics\Edge.h">
      <Filter>Header Files</Filter>
    </ClInclude>
    <ClInclude Include="Graphs\Graphics\Face.h">
      <Filter>Header Files</Filter>
    </ClInclude>
    <ClInclude Include="Graphs\Graphics\GL_AreaGraph.h">
      <Filter>Header Files</Filter>
    </ClInclude>
    <ClInclude Include="Graphs\Graphics\GL_Axis.h">
      <Filter>Header Files</Filter>
    </ClInclude>
    <ClInclude Include="Graphs\Graphics\GL_ColorGraph.h">
      <Filter>Header Files</Filter>
    </ClInclude>
    <ClInclude Include="Graphs\Graphics\GL_Graph.h">
      <Filter>Header Files</Filter>
    </ClInclude>
    <ClInclude Include="Graphs\Graphics\GL_Histogram.h">
      <Filter>Header Files</Filter>
    </ClInclude>
    <ClInclude Include="Graphs\Graphics\GL_HistogramPointGraph.h">
      <Filter>Header Files</Filter>
    </ClInclude>
    <ClInclude Include="Graphs\Graphics\GL_ImplicitAreaGraph.h">
      <Filter>Header Files</Filter>
    </ClInclude>
    <ClInclude Include="Graphs\Graphics\GL_ImplicitLineGraph.h">
      <Filter>Header Files</Filter>
    </ClInclude>
    <ClInclude Include="Graphs\Graphics\GL_LineGraph.h">
      <Filter>Header Files</Filter>
    </ClInclude>
    <ClInclude Include="Graphs\Graphics\GL_PointGraph.h">
      <Filter>Header Files</Filter>
    </ClInclude>
    <ClInclude Include="Graphs\Graphics\GL_RiemannColorGraph.h">
      <Filter>Header Files</Filter>
    </ClInclude>
    <ClInclude Include="Graphs\Graphics\GL_RiemannHistogram.h">
      <Filter>Header Files</Filter>
    </ClInclude>
    <ClInclude Include="Graphs\Graphics\GL_RiemannHistogramPointGraph.h">
      <Filter>Header Files</Filter>
    </ClInclude>
    <ClInclude Include="Graphs\Graphics\Info.h">
      <Filter>Header Files</Filter>
    </ClInclude>
    <ClInclude Include="Graphs\Graphics\ThreadStorage.h">
      <Filter>Header Files</Filter>
    </ClInclude>
    <ClInclude Include="Graphs\Graphics\Vertex2D.h">
      <Filter>Header Files</Filter>
    </ClInclude>
    <ClInclude Include="Graphs\Graphics\VisibilityFlags.h">
      <Filter>Header Files</Filter>
    </ClInclude>
    <ClInclude Include="Graphs\OpenGL\GL_AAMode.h">
      <Filter>Header Files</Filter>
    </ClInclude>
    <ClInclude Include="Graphs\OpenGL\GL_BlendMode.h">
      <Filter>Header Files</Filter>
    </ClInclude>
    <ClInclude Include="Graphs\OpenGL\GL_ClippingPlane.h">
      <Filter>Header Files</Filter>
    </ClInclude>
    <ClInclude Include="Graphs\OpenGL\GL_Color.h">
      <Filter>Header Files</Filter>
    </ClInclude>
    <ClInclude Include="Graphs\OpenGL\GL_Context.h">
      <Filter>Header Files</Filter>
    </ClInclude>
    <ClInclude Include="Graphs\OpenGL\GL_Dots.h">
      <Filter>Header Files</Filter>
    </ClInclude>
    <ClInclude Include="Graphs\OpenGL\GL_FBO.h">
      <Filter>Header Files</Filter>
    </ClInclude>
    <ClInclude Include="Graphs\OpenGL\GL_Font.h">
      <Filter>Header Files</Filter>
    </ClInclude>
    <ClInclude Include="Graphs\OpenGL\GL_Image.h">
      <Filter>Header Files</Filter>
    </ClInclude>
    <ClInclude Include="Graphs\OpenGL\GL_Light.h">
      <Filter>Header Files</Filter>
    </ClInclude>
    <ClInclude Include="Graphs\OpenGL\GL_Lines.h">
      <Filter>Header Files</Filter>
    </ClInclude>
    <ClInclude Include="Graphs\OpenGL\GL_Mask.h">
      <Filter>Header Files</Filter>
    </ClInclude>
    <ClInclude Include="Graphs\OpenGL\GL_Mesh.h">
      <Filter>Header Files</Filter>
    </ClInclude>
    <ClInclude Include="Graphs\OpenGL\GL_RM.h">
      <Filter>Header Files</Filter>
    </ClInclude>
    <ClInclude Include="Graphs\OpenGL\GL_String.h">
      <Filter>Header Files</Filter>
    </ClInclude>
    <ClInclude Include="Graphs\OpenGL\GL_StringCache.h">
      <Filter>Header Files</Filter>
    </ClInclude>
    <ClInclude Include="Graphs\OpenGL\GL_Util.h">
      <Filter>Header Files</Filter>
    </ClInclude>
    <ClInclude Include="Graphs\Threading\ThreadInfo.h">
      <Filter>Header Files</Filter>
    </ClInclude>
    <ClInclude Include="Graphs\Threading\ThreadMap.h">
      <Filter>Header Files</Filter>
    </ClInclude>
    <ClInclude Include="Windows\Conversions.h">
      <Filter>Header Files</Filter>
    </ClInclude>
    <ClInclude Include="Windows\Controls\FocusEdit.h">
      <Filter>Header Files</Filter>
    </ClInclude>
    <ClInclude Include="Windows\Controls\TextureControl.h">
      <Filter>Header Files</Filter>
    </ClInclude>
    <ClInclude Include="Windows\Controls\NumericEdit.h">
      <Filter>Header Files</Filter>
    </ClInclude>
    <ClInclude Include="Windows\Controls\ParameterView.h">
      <Filter>Header Files</Filter>
    </ClInclude>
    <ClInclude Include="Windows\ParameterController.h">
      <Filter>Header Files</Filter>
    </ClInclude>
    <ClInclude Include="Windows\Controls\DefinitionView.h">
      <Filter>Header Files</Filter>
    </ClInclude>
    <ClInclude Include="Windows\DefinitionController.h">
      <Filter>Header Files</Filter>
    </ClInclude>
    <ClInclude Include="Windows\Controls\GraphView.h">
      <Filter>Header Files</Filter>
    </ClInclude>
    <ClInclude Include="Windows\Controls\SideSection.h">
      <Filter>Header Files</Filter>
    </ClInclude>
    <ClInclude Include="Windows\Controls\SideSectionParams.h">
      <Filter>Header Files</Filter>
    </ClInclude>
    <ClInclude Include="Windows\Controls\SideSectionDefs.h">
      <Filter>Header Files</Filter>
    </ClInclude>
    <ClInclude Include="Windows\Controls\SideSectionGraphs.h">
      <Filter>Header Files</Filter>
    </ClInclude>
    <ClInclude Include="Windows\Controls\SideSectionAxis.h">
      <Filter>Header Files</Filter>
    </ClInclude>
    <ClInclude Include="Windows\Controls\SideSectionSettings.h">
      <Filter>Header Files</Filter>
    </ClInclude>
    <ClInclude Include="Windows\Util\DropHandler.h">
      <Filter>Header Files</Filter>
    </ClInclude>
    <ClInclude Include="Windows\Util\Layout.h">
      <Filter>Header Files</Filter>
    </ClInclude>
    <ClInclude Include="Windows\Controls\SideSectionStyle.h">
      <Filter>Header Files</Filter>
    </ClInclude>
    <ClInclude Include="Utility\Timer.h">
      <Filter>Header Files</Filter>
    </ClInclude>
    <ClInclude Include="Utility\Preferences.h">
      <Filter>Header Files</Filter>
    </ClInclude>
    <ClInclude Include="Windows\PreferencesDialog.h">
      <Filter>Header Files</Filter>
    </ClInclude>
  </ItemGroup>
  <ItemGroup>
    <ClCompile Include="Windows\Controls\DeltaSlider.cpp">
      <Filter>Source Files</Filter>
    </ClCompile>
    <ClCompile Include="Windows\Controls\HeaderControl.cpp">
      <Filter>Source Files</Filter>
    </ClCompile>
    <ClCompile Include="Windows\Controls\SplitterWnd.cpp">
      <Filter>Source Files</Filter>
    </ClCompile>
    <ClCompile Include="Windows\Controls\ViewUtil.cpp">
      <Filter>Source Files</Filter>
    </ClCompile>
    <ClCompile Include="Windows\CPlotApp.cpp">
      <Filter>Source Files</Filter>
    </ClCompile>
    <ClCompile Include="Windows\Document.cpp">
      <Filter>Source Files</Filter>
    </ClCompile>
    <ClCompile Include="Windows\MainView.cpp">
      <Filter>Source Files</Filter>
    </ClCompile>
    <ClCompile Include="Windows\MainWindow.cpp">
      <Filter>Source Files</Filter>
    </ClCompile>
    <ClCompile Include="Windows\PlotView.cpp">
      <Filter>Source Files</Filter>
    </ClCompile>
    <ClCompile Include="Windows\SideView.cpp">
      <Filter>Source Files</Filter>
    </ClCompile>
    <ClCompile Include="Windows\stdafx.cpp">
      <Filter>Source Files</Filter>
    </ClCompile>
    <ClCompile Include="Utility\MemoryPool.cc">
      <Filter>Source Files</Filter>
    </ClCompile>
    <ClCompile Include="Utility\StringFormatting.cc">
      <Filter>Source Files</Filter>
    </ClCompile>
    <ClCompile Include="Utility\System.cpp">
      <Filter>Source Files</Filter>
    </ClCompile>
    <ClCompile Include="Engine\cnum.cc">
      <Filter>Source Files</Filter>
    </ClCompile>
    <ClCompile Include="Engine\Functions\basic.cc">
      <Filter>Source Files</Filter>
    </ClCompile>
    <ClCompile Include="Engine\Functions\bithacks.cc">
      <Filter>Source Files</Filter>
    </ClCompile>
    <ClCompile Include="Engine\Functions\boost_wrappers.cc">
      <Filter>Source Files</Filter>
    </ClCompile>
    <ClCompile Include="Engine\Functions\comparison.cc">
      <Filter>Source Files</Filter>
    </ClCompile>
    <ClCompile Include="Engine\Functions\exp.cc">
      <Filter>Source Files</Filter>
    </ClCompile>
    <ClCompile Include="Engine\Functions\Faddeeva.cc">
      <Filter>Source Files</Filter>
    </ClCompile>
    <ClCompile Include="Engine\Functions\fractals.cc">
      <Filter>Source Files</Filter>
    </ClCompile>
    <ClCompile Include="Engine\Functions\gamma.cc">
      <Filter>Source Files</Filter>
    </ClCompile>
    <ClCompile Include="Engine\Functions\powerseries.cc">
      <Filter>Source Files</Filter>
    </ClCompile>
    <ClCompile Include="Engine\Functions\random.cc">
      <Filter>Source Files</Filter>
    </ClCompile>
    <ClCompile Include="Engine\Functions\statistics.cc">
      <Filter>Source Files</Filter>
    </ClCompile>
    <ClCompile Include="Engine\Functions\wrappers.cc">
      <Filter>Source Files</Filter>
    </ClCompile>
    <ClCompile Include="Engine\Namespace\AliasVariable.cc">
      <Filter>Source Files</Filter>
    </ClCompile>
    <ClCompile Include="Engine\Namespace\BaseFunction.cc">
      <Filter>Source Files</Filter>
    </ClCompile>
    <ClCompile Include="Engine\Namespace\Element.cc">
      <Filter>Source Files</Filter>
    </ClCompile>
    <ClCompile Include="Engine\Namespace\Expression.cc">
      <Filter>Source Files</Filter>
    </ClCompile>
    <ClCompile Include="Engine\Namespace\Function.cc">
      <Filter>Source Files</Filter>
    </ClCompile>
    <ClCompile Include="Engine\Namespace\Namespace.cc">
      <Filter>Source Files</Filter>
    </ClCompile>
    <ClCompile Include="Engine\Namespace\ObjectDB.cc">
      <Filter>Source Files</Filter>
    </ClCompile>
    <ClCompile Include="Engine\Namespace\Parameter.cc">
      <Filter>Source Files</Filter>
    </ClCompile>
    <ClCompile Include="Engine\Namespace\RootNamespace.cc">
      <Filter>Source Files</Filter>
    </ClCompile>
    <ClCompile Include="Engine\Namespace\UserFunction.cc">
      <Filter>Source Files</Filter>
    </ClCompile>
    <ClCompile Include="Persistence\ByteReader.cc">
      <Filter>Source Files</Filter>
    </ClCompile>
    <ClCompile Include="Persistence\serializer.cc">
      <Filter>Source Files</Filter>
    </ClCompile>
    <ClCompile Include="Graphs\Graph.cc">
      <Filter>Source Files</Filter>
    </ClCompile>
    <ClCompile Include="Graphs\Plot.cc">
      <Filter>Source Files</Filter>
    </ClCompile>
    <ClCompile Include="Graphs\Geometry\Axis.cc">
      <Filter>Source Files</Filter>
    </ClCompile>
    <ClCompile Include="Graphs\Geometry\Camera.cc">
      <Filter>Source Files</Filter>
    </ClCompile>
    <ClCompile Include="Graphs\Geometry\RecursiveGrid.cc">
      <Filter>Source Files</Filter>
    </ClCompile>
    <ClCompile Include="Graphs\Geometry\Rotation.cc">
      <Filter>Source Files</Filter>
    </ClCompile>
    <ClCompile Include="Engine\Parser\BoundContext.cc">
      <Filter>Source Files</Filter>
    </ClCompile>
    <ClCompile Include="Engine\Parser\Evaluator.cc">
      <Filter>Source Files</Filter>
    </ClCompile>
    <ClCompile Include="Engine\Parser\ExecToken.cc">
      <Filter>Source Files</Filter>
    </ClCompile>
    <ClCompile Include="Engine\Parser\OptimizingTree.cc">
      <Filter>Source Files</Filter>
    </ClCompile>
    <ClCompile Include="Engine\Parser\ParsingResult.cc">
      <Filter>Source Files</Filter>
    </ClCompile>
    <ClCompile Include="Engine\Parser\ParsingTree.cc">
      <Filter>Source Files</Filter>
    </ClCompile>
    <ClCompile Include="Engine\Parser\PreToken.cc">
      <Filter>Source Files</Filter>
    </ClCompile>
    <ClCompile Include="Engine\Parser\readconst.cc">
      <Filter>Source Files</Filter>
    </ClCompile>
    <ClCompile Include="Engine\Parser\readnum.cc">
      <Filter>Source Files</Filter>
    </ClCompile>
    <ClCompile Include="Engine\Parser\Token.cc">
      <Filter>Source Files</Filter>
    </ClCompile>
    <ClCompile Include="Engine\Parser\WorkingTree.cc">
      <Filter>Source Files</Filter>
    </ClCompile>
    <ClCompile Include="Engine\Parser\WorkingTreeDerivative.cc">
      <Filter>Source Files</Filter>
    </ClCompile>
    <ClCompile Include="Engine\Parser\WorkingTreePrinting.cc">
      <Filter>Source Files</Filter>
    </ClCompile>
    <ClCompile Include="Engine\Parser\Simplifier\Functions.cc">
      <Filter>Source Files</Filter>
    </ClCompile>
    <ClCompile Include="Engine\Parser\Simplifier\Normalize.cc">
      <Filter>Source Files</Filter>
    </ClCompile>
    <ClCompile Include="Engine\Parser\Simplifier\Pattern.cc">
      <Filter>Source Files</Filter>
    </ClCompile>
    <ClCompile Include="Engine\Parser\Simplifier\Powers.cc">
      <Filter>Source Files</Filter>
    </ClCompile>
    <ClCompile Include="Engine\Parser\Simplifier\Products.cc">
      <Filter>Source Files</Filter>
    </ClCompile>
    <ClCompile Include="Engine\Parser\Simplifier\Simplify.cc">
      <Filter>Source Files</Filter>
    </ClCompile>
    <ClCompile Include="Engine\Parser\Simplifier\Sums.cc">
      <Filter>Source Files</Filter>
    </ClCompile>
    <ClCompile Include="Engine\Parser\Simplifier\Unary.cc">
      <Filter>Source Files</Filter>
    </ClCompile>
    <ClCompile Include="Graphs\Graphics\AxisLabels.cc">
      <Filter>Source Files</Filter>
    </ClCompile>
    <ClCompile Include="Graphs\Graphics\GL_AreaGraph.cc">
      <Filter>Source Files</Filter>
    </ClCompile>
    <ClCompile Include="Graphs\Graphics\GL_AreaGraph_no_subdivision.cc">
      <Filter>Source Files</Filter>
    </ClCompile>
    <ClCompile Include="Graphs\Graphics\GL_Axis.cc">
      <Filter>Source Files</Filter>
    </ClCompile>
    <ClCompile Include="Graphs\Graphics\GL_ColorGraph.cc">
      <Filter>Source Files</Filter>
    </ClCompile>
    <ClCompile Include="Graphs\Graphics\GL_Graph.cc">
      <Filter>Source Files</Filter>
    </ClCompile>
    <ClCompile Include="Graphs\Graphics\GL_Histogram.cc">
      <Filter>Source Files</Filter>
    </ClCompile>
    <ClCompile Include="Graphs\Graphics\GL_HistogramPointGraph.cc">
      <Filter>Source Files</Filter>
    </ClCompile>
    <ClCompile Include="Graphs\Graphics\GL_ImplicitAreaGraph.cc">
      <Filter>Source Files</Filter>
    </ClCompile>
    <ClCompile Include="Graphs\Graphics\GL_ImplicitAreaGraphTables.cc">
      <Filter>Source Files</Filter>
    </ClCompile>
    <ClCompile Include="Graphs\Graphics\GL_ImplicitLineGraph.cc">
      <Filter>Source Files</Filter>
    </ClCompile>
    <ClCompile Include="Graphs\Graphics\GL_LineGraph.cc">
      <Filter>Source Files</Filter>
    </ClCompile>
    <ClCompile Include="Graphs\Graphics\GL_PointGraph.cc">
      <Filter>Source Files</Filter>
    </ClCompile>
    <ClCompile Include="Graphs\Graphics\GL_RiemannColorGraph.cc">
      <Filter>Source Files</Filter>
    </ClCompile>
    <ClCompile Include="Graphs\Graphics\GL_RiemannHistogram.cc">
      <Filter>Source Files</Filter>
    </ClCompile>
    <ClCompile Include="Graphs\Graphics\GL_RiemannHistogramPointGraph.cc">
      <Filter>Source Files</Filter>
    </ClCompile>
    <ClCompile Include="Graphs\Graphics\Info.cc">
      <Filter>Source Files</Filter>
    </ClCompile>
    <ClCompile Include="Graphs\OpenGL\GL_BlendMode.cc">
      <Filter>Source Files</Filter>
    </ClCompile>
    <ClCompile Include="Graphs\OpenGL\GL_ClippingPlane.cc">
      <Filter>Source Files</Filter>
    </ClCompile>
    <ClCompile Include="Graphs\OpenGL\GL_Color.cc">
      <Filter>Source Files</Filter>
    </ClCompile>
    <ClCompile Include="Graphs\OpenGL\GL_Dots.cc">
      <Filter>Source Files</Filter>
    </ClCompile>
    <ClCompile Include="Graphs\OpenGL\GL_FBO.cc">
      <Filter>Source Files</Filter>
    </ClCompile>
    <ClCompile Include="Graphs\OpenGL\GL_Font.cc">
      <Filter>Source Files</Filter>
    </ClCompile>
    <ClCompile Include="Graphs\OpenGL\GL_Image.cc">
      <Filter>Source Files</Filter>
    </ClCompile>
    <ClCompile Include="Graphs\OpenGL\GL_Light.cc">
      <Filter>Source Files</Filter>
    </ClCompile>
    <ClCompile Include="Graphs\OpenGL\GL_Lines.cc">
      <Filter>Source Files</Filter>
    </ClCompile>
    <ClCompile Include="Graphs\OpenGL\GL_Mask.cc">
      <Filter>Source Files</Filter>
    </ClCompile>
    <ClCompile Include="Graphs\OpenGL\GL_Mesh.cc">
      <Filter>Source Files</Filter>
    </ClCompile>
    <ClCompile Include="Graphs\OpenGL\GL_RM.cc">
      <Filter>Source Files</Filter>
    </ClCompile>
    <ClCompile Include="Graphs\OpenGL\GL_StringCache.cc">
      <Filter>Source Files</Filter>
    </ClCompile>
    <ClCompile Include="Graphs\OpenGL\GL_Util.cc">
      <Filter>Source Files</Filter>
    </ClCompile>
    <ClCompile Include="Graphs\Threading\ThreadMap.cc">
      <Filter>Source Files</Filter>
    </ClCompile>
    <ClCompile Include="Windows\Conversions.cpp">
      <Filter>Source Files</Filter>
    </ClCompile>
    <ClCompile Include="Windows\Controls\FocusEdit.cpp">
      <Filter>Source Files</Filter>
    </ClCompile>
    <ClCompile Include="Windows\Controls\TextureControl.cpp">
      <Filter>Source Files</Filter>
    </ClCompile>
    <ClCompile Include="Windows\Controls\NumericEdit.cpp">
      <Filter>Source Files</Filter>
    </ClCompile>
    <ClCompile Include="Windows\Controls\ParameterView.cpp">
      <Filter>Source Files</Filter>
    </ClCompile>
    <ClCompile Include="Windows\ParameterController.cpp">
      <Filter>Source Files</Filter>
    </ClCompile>
    <ClCompile Include="Windows\Controls\DefinitionView.cpp">
      <Filter>Source Files</Filter>
    </ClCompile>
    <ClCompile Include="Windows\DefinitionController.cpp">
      <Filter>Source Files</Filter>
    </ClCompile>
    <ClCompile Include="Windows\Controls\GraphView.cpp">
      <Filter>Source Files</Filter>
    </ClCompile>
    <ClCompile Include="Windows\Controls\SideSection.cpp">
      <Filter>Source Files</Filter>
    </ClCompile>
    <ClCompile Include="Windows\Controls\SideSectionParams.cpp">
      <Filter>Source Files</Filter>
    </ClCompile>
    <ClCompile Include="Windows\Controls\SideSectionDefs.cpp">
      <Filter>Source Files</Filter>
    </ClCompile>
    <ClCompile Include="Windows\Controls\SideSectionGraphs.cpp">
      <Filter>Source Files</Filter>
    </ClCompile>
    <ClCompile Include="Windows\Controls\SideSectionAxis.cpp">
      <Filter>Source Files</Filter>
    </ClCompile>
    <ClCompile Include="Windows\Controls\SideSectionSettings.cpp">
      <Filter>Source Files</Filter>
    </ClCompile>
    <ClCompile Include="Windows\Util\DropHandler.cpp">
      <Filter>Source Files</Filter>
    </ClCompile>
    <ClCompile Include="Graphs\OpenGL\GL_String.cc">
      <Filter>Source Files</Filter>
    </ClCompile>
    <ClCompile Include="Windows\Util\Layout.cpp">
      <Filter>Source Files</Filter>
    </ClCompile>
    <ClCompile Include="Windows\Controls\SideSectionStyle.cpp">
      <Filter>Source Files</Filter>
    </ClCompile>
    <ClCompile Include="Utility\Timer.cpp">
      <Filter>Source Files</Filter>
    </ClCompile>
    <ClCompile Include="Utility\Preferences.cpp">
      <Filter>Source Files</Filter>
    </ClCompile>
    <ClCompile Include="Windows\PreferencesDialog.cpp">
      <Filter>Source Files</Filter>
    </ClCompile>
  </ItemGroup>
  <ItemGroup>
    <Image Include="Windows\res\CPlot.ico">
      <Filter>Resource Files</Filter>
    </Image>
    <Image Include="Windows\res\CPlotDoc.ico">
      <Filter>Resource Files</Filter>
    </Image>
  </ItemGroup>
  <ItemGroup>
    <ResourceCompile Include="Windows\res\CPlot.rc">
      <Filter>Resource Files</Filter>
    </ResourceCompile>
  </ItemGroup>
  <ItemGroup>
    <None Include="Windows\res\CPlot.reg" />
  </ItemGroup>
  <ItemGroup>
    <Text Include="Engine\Parser\Simplifier\Rules.txt" />
  </ItemGroup>
</Project>